
Microsoft Visual Studio Solution File, Format Version 12.00
# Visual Studio 2013
VisualStudioVersion = 12.0.31101.0
MinimumVisualStudioVersion = 10.0.40219.1
Project("{FAE04EC0-301F-11D3-BF4B-00C04F79EFBC}") = "ProfessionalFormApplication1", "ProfessionalFormApplication1.csproj", "{2F80459A-75A7-4A65-BEBC-F4CC3CC2EC50}"
EndProject
Project("{2150E333-8FDC-42A3-9474-1A3956D46DE8}") = "Building", "Building", "{6271B931-477A-419D-99FA-E92BAF81EAF0}"
	ProjectSection(SolutionItems) = preProject
		Building.cs = Building.cs
		Note.cs = Note.cs
		Save.cs = Save.cs
	EndProjectSection
EndProject
Project("{2150E333-8FDC-42A3-9474-1A3956D46DE8}") = "Running", "Running", "{A52DF56E-8649-4844-9A9F-F3111E9E7993}"
	ProjectSection(SolutionItems) = preProject
		xProfesional Form.cs = xProfesional Form.cs
	EndProjectSection
EndProject
Global
	GlobalSection(SolutionConfigurationPlatforms) = preSolution
		Debug|Any CPU = Debug|Any CPU
		Release|Any CPU = Release|Any CPU
	EndGlobalSection
	GlobalSection(ProjectConfigurationPlatforms) = postSolution
		{2F80459A-75A7-4A65-BEBC-F4CC3CC2EC50}.Debug|Any CPU.ActiveCfg = Debug|Any CPU
		{2F80459A-75A7-4A65-BEBC-F4CC3CC2EC50}.Debug|Any CPU.Build.0 = Debug|Any CPU
		{2F80459A-75A7-4A65-BEBC-F4CC3CC2EC50}.Release|Any CPU.ActiveCfg = Release|Any CPU
		{2F80459A-75A7-4A65-BEBC-F4CC3CC2EC50}.Release|Any CPU.Build.0 = Release|Any CPU
	EndGlobalSection
	GlobalSection(SolutionProperties) = preSolution
		HideSolutionNode = FALSE
	EndGlobalSection
EndGlobal
